// !$*UTF8*$!
{
	archiveVersion = 1;
	classes = {
	};
	objectVersion = 50;
	objects = {

/* Begin PBXBuildFile section */
		10C129BA22D11660000D781E /* DateSeparatorPresenter.swift in Sources */ = {isa = PBXBuildFile; fileRef = 10C129B922D11660000D781E /* DateSeparatorPresenter.swift */; };
		10C129BD22D118B0000D781E /* DateSeparatorCollectionViewCell.swift in Sources */ = {isa = PBXBuildFile; fileRef = 10C129BB22D118B0000D781E /* DateSeparatorCollectionViewCell.swift */; };
		10C129BE22D118B0000D781E /* DateSeparatorCollectionViewCell.xib in Resources */ = {isa = PBXBuildFile; fileRef = 10C129BC22D118B0000D781E /* DateSeparatorCollectionViewCell.xib */; };
		10C129C322D129F6000D781E /* DateSeparatorModel.swift in Sources */ = {isa = PBXBuildFile; fileRef = 10C129C222D129F6000D781E /* DateSeparatorModel.swift */; };
		10C129C522D12A2E000D781E /* TimeSeparatorModel.swift in Sources */ = {isa = PBXBuildFile; fileRef = 10C129C422D12A2E000D781E /* TimeSeparatorModel.swift */; };
		10C129C822D12B62000D781E /* TimeSeparatorCollectionViewCell.swift in Sources */ = {isa = PBXBuildFile; fileRef = 10C129C622D12B62000D781E /* TimeSeparatorCollectionViewCell.swift */; };
		10C129C922D12B62000D781E /* TimeSeparatorCollectionViewCell.xib in Resources */ = {isa = PBXBuildFile; fileRef = 10C129C722D12B62000D781E /* TimeSeparatorCollectionViewCell.xib */; };
		10C129CD22D12C32000D781E /* MessageStatusCollectionViewCell.swift in Sources */ = {isa = PBXBuildFile; fileRef = 10C129CB22D12C32000D781E /* MessageStatusCollectionViewCell.swift */; };
		10C129CE22D12C32000D781E /* MessageStatusCollectionViewCell.xib in Resources */ = {isa = PBXBuildFile; fileRef = 10C129CC22D12C32000D781E /* MessageStatusCollectionViewCell.xib */; };
		10C129D122D1AF31000D781E /* TimeSeparatorPresenter.swift in Sources */ = {isa = PBXBuildFile; fileRef = 10C129D022D1AF31000D781E /* TimeSeparatorPresenter.swift */; };
		10C129D322D1B038000D781E /* MessageStatusPresenter.swift in Sources */ = {isa = PBXBuildFile; fileRef = 10C129D222D1B038000D781E /* MessageStatusPresenter.swift */; };
		10C129D522D1B113000D781E /* MessageStatusSeparatorModel.swift in Sources */ = {isa = PBXBuildFile; fileRef = 10C129D422D1B113000D781E /* MessageStatusSeparatorModel.swift */; };
		10C129DB22D1BFD7000D781E /* IncomingPhotoCollectionViewCell.xib in Resources */ = {isa = PBXBuildFile; fileRef = 10C129DA22D1BFD7000D781E /* IncomingPhotoCollectionViewCell.xib */; };
		10C129DF22D1C05E000D781E /* PhotoCollectionViewCell.swift in Sources */ = {isa = PBXBuildFile; fileRef = 10C129DD22D1C05E000D781E /* PhotoCollectionViewCell.swift */; };
		10C129E022D1C05E000D781E /* PhotoCollectionViewCell.xib in Resources */ = {isa = PBXBuildFile; fileRef = 10C129DE22D1C05E000D781E /* PhotoCollectionViewCell.xib */; };
		10C129E222D1C0A2000D781E /* PhotoMessagePresenter.swift in Sources */ = {isa = PBXBuildFile; fileRef = 10C129E122D1C0A2000D781E /* PhotoMessagePresenter.swift */; };
		10C129E622D1DA73000D781E /* PhotoViewerController.swift in Sources */ = {isa = PBXBuildFile; fileRef = 10C129E522D1DA73000D781E /* PhotoViewerController.swift */; };
		10C129E922D1E51E000D781E /* PhotoViewerViewModel.swift in Sources */ = {isa = PBXBuildFile; fileRef = 10C129E822D1E51E000D781E /* PhotoViewerViewModel.swift */; };
		10C129EC22D1E5FE000D781E /* Storyboards.swift in Sources */ = {isa = PBXBuildFile; fileRef = 10C129EB22D1E5FE000D781E /* Storyboards.swift */; };
		10C129EE22D21385000D781E /* HeaderView.swift in Sources */ = {isa = PBXBuildFile; fileRef = 10C129ED22D21385000D781E /* HeaderView.swift */; };
		10C129F022D21395000D781E /* HeaderView.xib in Resources */ = {isa = PBXBuildFile; fileRef = 10C129EF22D21395000D781E /* HeaderView.xib */; };
		10C129F322D21B2C000D781E /* User.swift in Sources */ = {isa = PBXBuildFile; fileRef = 10C129F222D21B2C000D781E /* User.swift */; };
		10C129F522D21FD9000D781E /* Call.swift in Sources */ = {isa = PBXBuildFile; fileRef = 10C129F422D21FD9000D781E /* Call.swift */; };
		10C129F822D226B1000D781E /* CallCollectionViewCell.swift in Sources */ = {isa = PBXBuildFile; fileRef = 10C129F622D226B1000D781E /* CallCollectionViewCell.swift */; };
		10C129F922D226B1000D781E /* CallCollectionViewCell.xib in Resources */ = {isa = PBXBuildFile; fileRef = 10C129F722D226B1000D781E /* CallCollectionViewCell.xib */; };
		10C129FC22D22D74000D781E /* CallPresenter.swift in Sources */ = {isa = PBXBuildFile; fileRef = 10C129FB22D22D74000D781E /* CallPresenter.swift */; };
		10C2268622D252630068C294 /* ChatItemsDecoratorTests.swift in Sources */ = {isa = PBXBuildFile; fileRef = 10C2268422D252630068C294 /* ChatItemsDecoratorTests.swift */; };
		10D3FF0322D0F9E900616019 /* TextMessageCollectionViewCell.xib in Resources */ = {isa = PBXBuildFile; fileRef = 10D3FF0122D0F9E900616019 /* TextMessageCollectionViewCell.xib */; };
		10D3FF0622D0FAA400616019 /* Colors.swift in Sources */ = {isa = PBXBuildFile; fileRef = 10D3FF0522D0FAA400616019 /* Colors.swift */; };
		10D3FF0822D106CB00616019 /* GradientView.swift in Sources */ = {isa = PBXBuildFile; fileRef = 10D3FF0722D106CB00616019 /* GradientView.swift */; };
		10D3FF0B22D10E4200616019 /* ChatItemsDecorator.swift in Sources */ = {isa = PBXBuildFile; fileRef = 10D3FF0A22D10E4200616019 /* ChatItemsDecorator.swift */; };
		10D3FF0D22D10F6400616019 /* DateExtensions.swift in Sources */ = {isa = PBXBuildFile; fileRef = 10D3FF0C22D10F6400616019 /* DateExtensions.swift */; };
		10E288CA22CF74980094D434 /* AppDelegate.swift in Sources */ = {isa = PBXBuildFile; fileRef = 10E288C922CF74980094D434 /* AppDelegate.swift */; };
		10E288CC22CF74980094D434 /* ChatViewController.swift in Sources */ = {isa = PBXBuildFile; fileRef = 10E288CB22CF74980094D434 /* ChatViewController.swift */; };
		10E288CF22CF74980094D434 /* Main.storyboard in Resources */ = {isa = PBXBuildFile; fileRef = 10E288CD22CF74980094D434 /* Main.storyboard */; };
		10E288D422CF749A0094D434 /* Assets.xcassets in Resources */ = {isa = PBXBuildFile; fileRef = 10E288D322CF749A0094D434 /* Assets.xcassets */; };
		10E288D722CF749A0094D434 /* LaunchScreen.storyboard in Resources */ = {isa = PBXBuildFile; fileRef = 10E288D522CF749A0094D434 /* LaunchScreen.storyboard */; };
		10E288E422CFA0160094D434 /* ChatDataSource.swift in Sources */ = {isa = PBXBuildFile; fileRef = 10E288E322CFA0160094D434 /* ChatDataSource.swift */; };
		10E288E622D053820094D434 /* LocalizedStrings.strings in Resources */ = {isa = PBXBuildFile; fileRef = 10E288E522D053820094D434 /* LocalizedStrings.strings */; };
		10E288E822D058790094D434 /* Colors.xcassets in Resources */ = {isa = PBXBuildFile; fileRef = 10E288E722D058790094D434 /* Colors.xcassets */; };
		10E288EA22D05EE10094D434 /* TextMessagePresenter.swift in Sources */ = {isa = PBXBuildFile; fileRef = 10E288E922D05EE10094D434 /* TextMessagePresenter.swift */; };
		10E288EE22D069830094D434 /* IncomingTextMessageCollectionViewCell.swift in Sources */ = {isa = PBXBuildFile; fileRef = 10E288EC22D069830094D434 /* IncomingTextMessageCollectionViewCell.swift */; };
		10E288EF22D069830094D434 /* IncomingTextMessageCollectionViewCell.xib in Resources */ = {isa = PBXBuildFile; fileRef = 10E288ED22D069830094D434 /* IncomingTextMessageCollectionViewCell.xib */; };
		10E288F222D096470094D434 /* Coordinator.swift in Sources */ = {isa = PBXBuildFile; fileRef = 10E288F122D096470094D434 /* Coordinator.swift */; };
		10E288F522D098DD0094D434 /* ChatModel.swift in Sources */ = {isa = PBXBuildFile; fileRef = 10E288F422D098DD0094D434 /* ChatModel.swift */; };
		10E288F922D0A9DC0094D434 /* Message.swift in Sources */ = {isa = PBXBuildFile; fileRef = 10E288F822D0A9DC0094D434 /* Message.swift */; };
		10E288FB22D0ABFC0094D434 /* ChatViewModel.swift in Sources */ = {isa = PBXBuildFile; fileRef = 10E288FA22D0ABFC0094D434 /* ChatViewModel.swift */; };
		86A3129A8487C91277C7A8AA /* Pods_ChatooRx.framework in Frameworks */ = {isa = PBXBuildFile; fileRef = 932CE5C5EB7DD90750CD9051 /* Pods_ChatooRx.framework */; };
		B57BE367C4BFFB3124A6D7A6 /* Pods_ChatooRxTests.framework in Frameworks */ = {isa = PBXBuildFile; fileRef = 1C253E31F65D53087B8CD5B4 /* Pods_ChatooRxTests.framework */; };
/* End PBXBuildFile section */

/* Begin PBXContainerItemProxy section */
		10C2267A22D252230068C294 /* PBXContainerItemProxy */ = {
			isa = PBXContainerItemProxy;
			containerPortal = 10E288BE22CF74980094D434 /* Project object */;
			proxyType = 1;
			remoteGlobalIDString = 10E288C522CF74980094D434;
			remoteInfo = ChatooRx;
		};
/* End PBXContainerItemProxy section */

/* Begin PBXFileReference section */
		10B245A522D24D360051F398 /* .travis.yml */ = {isa = PBXFileReference; lastKnownFileType = text; path = .travis.yml; sourceTree = "<group>"; };
		10B245A622D24D370051F398 /* codecov.yml */ = {isa = PBXFileReference; lastKnownFileType = text; path = codecov.yml; sourceTree = "<group>"; };
		10B245A722D24D370051F398 /* README.md */ = {isa = PBXFileReference; lastKnownFileType = net.daringfireball.markdown; path = README.md; sourceTree = "<group>"; };
		10C129B922D11660000D781E /* DateSeparatorPresenter.swift */ = {isa = PBXFileReference; lastKnownFileType = sourcecode.swift; path = DateSeparatorPresenter.swift; sourceTree = "<group>"; };
		10C129BB22D118B0000D781E /* DateSeparatorCollectionViewCell.swift */ = {isa = PBXFileReference; lastKnownFileType = sourcecode.swift; path = DateSeparatorCollectionViewCell.swift; sourceTree = "<group>"; };
		10C129BC22D118B0000D781E /* DateSeparatorCollectionViewCell.xib */ = {isa = PBXFileReference; lastKnownFileType = file.xib; path = DateSeparatorCollectionViewCell.xib; sourceTree = "<group>"; };
		10C129C222D129F6000D781E /* DateSeparatorModel.swift */ = {isa = PBXFileReference; lastKnownFileType = sourcecode.swift; path = DateSeparatorModel.swift; sourceTree = "<group>"; };
		10C129C422D12A2E000D781E /* TimeSeparatorModel.swift */ = {isa = PBXFileReference; lastKnownFileType = sourcecode.swift; path = TimeSeparatorModel.swift; sourceTree = "<group>"; };
		10C129C622D12B62000D781E /* TimeSeparatorCollectionViewCell.swift */ = {isa = PBXFileReference; lastKnownFileType = sourcecode.swift; path = TimeSeparatorCollectionViewCell.swift; sourceTree = "<group>"; };
		10C129C722D12B62000D781E /* TimeSeparatorCollectionViewCell.xib */ = {isa = PBXFileReference; lastKnownFileType = file.xib; path = TimeSeparatorCollectionViewCell.xib; sourceTree = "<group>"; };
		10C129CB22D12C32000D781E /* MessageStatusCollectionViewCell.swift */ = {isa = PBXFileReference; lastKnownFileType = sourcecode.swift; path = MessageStatusCollectionViewCell.swift; sourceTree = "<group>"; };
		10C129CC22D12C32000D781E /* MessageStatusCollectionViewCell.xib */ = {isa = PBXFileReference; lastKnownFileType = file.xib; path = MessageStatusCollectionViewCell.xib; sourceTree = "<group>"; };
		10C129D022D1AF31000D781E /* TimeSeparatorPresenter.swift */ = {isa = PBXFileReference; lastKnownFileType = sourcecode.swift; path = TimeSeparatorPresenter.swift; sourceTree = "<group>"; };
		10C129D222D1B038000D781E /* MessageStatusPresenter.swift */ = {isa = PBXFileReference; lastKnownFileType = sourcecode.swift; path = MessageStatusPresenter.swift; sourceTree = "<group>"; };
		10C129D422D1B113000D781E /* MessageStatusSeparatorModel.swift */ = {isa = PBXFileReference; lastKnownFileType = sourcecode.swift; path = MessageStatusSeparatorModel.swift; sourceTree = "<group>"; };
		10C129DA22D1BFD7000D781E /* IncomingPhotoCollectionViewCell.xib */ = {isa = PBXFileReference; fileEncoding = 4; lastKnownFileType = file.xib; path = IncomingPhotoCollectionViewCell.xib; sourceTree = "<group>"; };
		10C129DD22D1C05E000D781E /* PhotoCollectionViewCell.swift */ = {isa = PBXFileReference; fileEncoding = 4; lastKnownFileType = sourcecode.swift; path = PhotoCollectionViewCell.swift; sourceTree = "<group>"; };
		10C129DE22D1C05E000D781E /* PhotoCollectionViewCell.xib */ = {isa = PBXFileReference; fileEncoding = 4; lastKnownFileType = file.xib; path = PhotoCollectionViewCell.xib; sourceTree = "<group>"; };
		10C129E122D1C0A2000D781E /* PhotoMessagePresenter.swift */ = {isa = PBXFileReference; lastKnownFileType = sourcecode.swift; path = PhotoMessagePresenter.swift; sourceTree = "<group>"; };
		10C129E522D1DA73000D781E /* PhotoViewerController.swift */ = {isa = PBXFileReference; lastKnownFileType = sourcecode.swift; path = PhotoViewerController.swift; sourceTree = "<group>"; };
		10C129E822D1E51E000D781E /* PhotoViewerViewModel.swift */ = {isa = PBXFileReference; lastKnownFileType = sourcecode.swift; path = PhotoViewerViewModel.swift; sourceTree = "<group>"; };
		10C129EB22D1E5FE000D781E /* Storyboards.swift */ = {isa = PBXFileReference; lastKnownFileType = sourcecode.swift; path = Storyboards.swift; sourceTree = "<group>"; };
		10C129ED22D21385000D781E /* HeaderView.swift */ = {isa = PBXFileReference; lastKnownFileType = sourcecode.swift; path = HeaderView.swift; sourceTree = "<group>"; };
		10C129EF22D21395000D781E /* HeaderView.xib */ = {isa = PBXFileReference; lastKnownFileType = file.xib; path = HeaderView.xib; sourceTree = "<group>"; };
		10C129F222D21B2C000D781E /* User.swift */ = {isa = PBXFileReference; lastKnownFileType = sourcecode.swift; path = User.swift; sourceTree = "<group>"; };
		10C129F422D21FD9000D781E /* Call.swift */ = {isa = PBXFileReference; lastKnownFileType = sourcecode.swift; path = Call.swift; sourceTree = "<group>"; };
		10C129F622D226B1000D781E /* CallCollectionViewCell.swift */ = {isa = PBXFileReference; lastKnownFileType = sourcecode.swift; path = CallCollectionViewCell.swift; sourceTree = "<group>"; };
		10C129F722D226B1000D781E /* CallCollectionViewCell.xib */ = {isa = PBXFileReference; lastKnownFileType = file.xib; path = CallCollectionViewCell.xib; sourceTree = "<group>"; };
		10C129FB22D22D74000D781E /* CallPresenter.swift */ = {isa = PBXFileReference; lastKnownFileType = sourcecode.swift; path = CallPresenter.swift; sourceTree = "<group>"; };
		10C2267522D252230068C294 /* ChatooRxTests.xctest */ = {isa = PBXFileReference; explicitFileType = wrapper.cfbundle; includeInIndex = 0; path = ChatooRxTests.xctest; sourceTree = BUILT_PRODUCTS_DIR; };
		10C2268422D252630068C294 /* ChatItemsDecoratorTests.swift */ = {isa = PBXFileReference; fileEncoding = 4; lastKnownFileType = sourcecode.swift; path = ChatItemsDecoratorTests.swift; sourceTree = "<group>"; };
		10C2268522D252630068C294 /* Info.plist */ = {isa = PBXFileReference; fileEncoding = 4; lastKnownFileType = text.plist.xml; path = Info.plist; sourceTree = "<group>"; };
		10D3FF0122D0F9E900616019 /* TextMessageCollectionViewCell.xib */ = {isa = PBXFileReference; lastKnownFileType = file.xib; path = TextMessageCollectionViewCell.xib; sourceTree = "<group>"; };
		10D3FF0522D0FAA400616019 /* Colors.swift */ = {isa = PBXFileReference; lastKnownFileType = sourcecode.swift; path = Colors.swift; sourceTree = "<group>"; };
		10D3FF0722D106CB00616019 /* GradientView.swift */ = {isa = PBXFileReference; lastKnownFileType = sourcecode.swift; path = GradientView.swift; sourceTree = "<group>"; };
		10D3FF0A22D10E4200616019 /* ChatItemsDecorator.swift */ = {isa = PBXFileReference; lastKnownFileType = sourcecode.swift; path = ChatItemsDecorator.swift; sourceTree = "<group>"; };
		10D3FF0C22D10F6400616019 /* DateExtensions.swift */ = {isa = PBXFileReference; lastKnownFileType = sourcecode.swift; path = DateExtensions.swift; sourceTree = "<group>"; };
		10E288C622CF74980094D434 /* ChatooRx.app */ = {isa = PBXFileReference; explicitFileType = wrapper.application; includeInIndex = 0; path = ChatooRx.app; sourceTree = BUILT_PRODUCTS_DIR; };
		10E288C922CF74980094D434 /* AppDelegate.swift */ = {isa = PBXFileReference; lastKnownFileType = sourcecode.swift; path = AppDelegate.swift; sourceTree = "<group>"; };
		10E288CB22CF74980094D434 /* ChatViewController.swift */ = {isa = PBXFileReference; lastKnownFileType = sourcecode.swift; path = ChatViewController.swift; sourceTree = "<group>"; };
		10E288CE22CF74980094D434 /* Base */ = {isa = PBXFileReference; lastKnownFileType = file.storyboard; name = Base; path = Base.lproj/Main.storyboard; sourceTree = "<group>"; };
		10E288D322CF749A0094D434 /* Assets.xcassets */ = {isa = PBXFileReference; lastKnownFileType = folder.assetcatalog; path = Assets.xcassets; sourceTree = "<group>"; };
		10E288D622CF749A0094D434 /* Base */ = {isa = PBXFileReference; lastKnownFileType = file.storyboard; name = Base; path = Base.lproj/LaunchScreen.storyboard; sourceTree = "<group>"; };
		10E288D822CF749A0094D434 /* Info.plist */ = {isa = PBXFileReference; lastKnownFileType = text.plist.xml; path = Info.plist; sourceTree = "<group>"; };
		10E288E322CFA0160094D434 /* ChatDataSource.swift */ = {isa = PBXFileReference; lastKnownFileType = sourcecode.swift; path = ChatDataSource.swift; sourceTree = "<group>"; };
		10E288E522D053820094D434 /* LocalizedStrings.strings */ = {isa = PBXFileReference; lastKnownFileType = text.plist.strings; path = LocalizedStrings.strings; sourceTree = "<group>"; };
		10E288E722D058790094D434 /* Colors.xcassets */ = {isa = PBXFileReference; lastKnownFileType = folder.assetcatalog; path = Colors.xcassets; sourceTree = "<group>"; };
		10E288E922D05EE10094D434 /* TextMessagePresenter.swift */ = {isa = PBXFileReference; lastKnownFileType = sourcecode.swift; path = TextMessagePresenter.swift; sourceTree = "<group>"; };
		10E288EC22D069830094D434 /* IncomingTextMessageCollectionViewCell.swift */ = {isa = PBXFileReference; lastKnownFileType = sourcecode.swift; path = IncomingTextMessageCollectionViewCell.swift; sourceTree = "<group>"; };
		10E288ED22D069830094D434 /* IncomingTextMessageCollectionViewCell.xib */ = {isa = PBXFileReference; lastKnownFileType = file.xib; path = IncomingTextMessageCollectionViewCell.xib; sourceTree = "<group>"; };
		10E288F122D096470094D434 /* Coordinator.swift */ = {isa = PBXFileReference; lastKnownFileType = sourcecode.swift; path = Coordinator.swift; sourceTree = "<group>"; };
		10E288F422D098DD0094D434 /* ChatModel.swift */ = {isa = PBXFileReference; lastKnownFileType = sourcecode.swift; path = ChatModel.swift; sourceTree = "<group>"; };
		10E288F822D0A9DC0094D434 /* Message.swift */ = {isa = PBXFileReference; lastKnownFileType = sourcecode.swift; path = Message.swift; sourceTree = "<group>"; };
		10E288FA22D0ABFC0094D434 /* ChatViewModel.swift */ = {isa = PBXFileReference; lastKnownFileType = sourcecode.swift; path = ChatViewModel.swift; sourceTree = "<group>"; };
		1C253E31F65D53087B8CD5B4 /* Pods_ChatooRxTests.framework */ = {isa = PBXFileReference; explicitFileType = wrapper.framework; includeInIndex = 0; path = Pods_ChatooRxTests.framework; sourceTree = BUILT_PRODUCTS_DIR; };
		2D609418FCB84B34DD92228E /* Pods-ChatooRxTests.release.xcconfig */ = {isa = PBXFileReference; includeInIndex = 1; lastKnownFileType = text.xcconfig; name = "Pods-ChatooRxTests.release.xcconfig"; path = "Target Support Files/Pods-ChatooRxTests/Pods-ChatooRxTests.release.xcconfig"; sourceTree = "<group>"; };
		35C6FF788BA11307A8A29899 /* Pods-ChatooRx.debug.xcconfig */ = {isa = PBXFileReference; includeInIndex = 1; lastKnownFileType = text.xcconfig; name = "Pods-ChatooRx.debug.xcconfig"; path = "Target Support Files/Pods-ChatooRx/Pods-ChatooRx.debug.xcconfig"; sourceTree = "<group>"; };
		4A4406C21873AC6D19D79D17 /* Pods-ChatooRxTests.debug.xcconfig */ = {isa = PBXFileReference; includeInIndex = 1; lastKnownFileType = text.xcconfig; name = "Pods-ChatooRxTests.debug.xcconfig"; path = "Target Support Files/Pods-ChatooRxTests/Pods-ChatooRxTests.debug.xcconfig"; sourceTree = "<group>"; };
		878FC027D549BC2043DCD646 /* Pods-ChatooRx.release.xcconfig */ = {isa = PBXFileReference; includeInIndex = 1; lastKnownFileType = text.xcconfig; name = "Pods-ChatooRx.release.xcconfig"; path = "Target Support Files/Pods-ChatooRx/Pods-ChatooRx.release.xcconfig"; sourceTree = "<group>"; };
		932CE5C5EB7DD90750CD9051 /* Pods_ChatooRx.framework */ = {isa = PBXFileReference; explicitFileType = wrapper.framework; includeInIndex = 0; path = Pods_ChatooRx.framework; sourceTree = BUILT_PRODUCTS_DIR; };
/* End PBXFileReference section */

/* Begin PBXFrameworksBuildPhase section */
		10C2267222D252230068C294 /* Frameworks */ = {
			isa = PBXFrameworksBuildPhase;
			buildActionMask = 2147483647;
			files = (
				B57BE367C4BFFB3124A6D7A6 /* Pods_ChatooRxTests.framework in Frameworks */,
			);
			runOnlyForDeploymentPostprocessing = 0;
		};
		10E288C322CF74980094D434 /* Frameworks */ = {
			isa = PBXFrameworksBuildPhase;
			buildActionMask = 2147483647;
			files = (
				86A3129A8487C91277C7A8AA /* Pods_ChatooRx.framework in Frameworks */,
			);
			runOnlyForDeploymentPostprocessing = 0;
		};
/* End PBXFrameworksBuildPhase section */

/* Begin PBXGroup section */
		10C129BF22D11A08000D781E /* DateSeparator */ = {
			isa = PBXGroup;
			children = (
				10C129BB22D118B0000D781E /* DateSeparatorCollectionViewCell.swift */,
				10C129BC22D118B0000D781E /* DateSeparatorCollectionViewCell.xib */,
			);
			path = DateSeparator;
			sourceTree = "<group>";
		};
		10C129C022D129A0000D781E /* Extensions */ = {
			isa = PBXGroup;
			children = (
				10D3FF0C22D10F6400616019 /* DateExtensions.swift */,
			);
			path = Extensions;
			sourceTree = "<group>";
		};
		10C129C122D129B4000D781E /* Presenters */ = {
			isa = PBXGroup;
			children = (
				10E288E922D05EE10094D434 /* TextMessagePresenter.swift */,
				10C129E122D1C0A2000D781E /* PhotoMessagePresenter.swift */,
				10C129FB22D22D74000D781E /* CallPresenter.swift */,
				10C129B922D11660000D781E /* DateSeparatorPresenter.swift */,
				10C129D022D1AF31000D781E /* TimeSeparatorPresenter.swift */,
				10C129D222D1B038000D781E /* MessageStatusPresenter.swift */,
			);
			path = Presenters;
			sourceTree = "<group>";
		};
		10C129CA22D12B78000D781E /* TimeSeparator */ = {
			isa = PBXGroup;
			children = (
				10C129C622D12B62000D781E /* TimeSeparatorCollectionViewCell.swift */,
				10C129C722D12B62000D781E /* TimeSeparatorCollectionViewCell.xib */,
			);
			path = TimeSeparator;
			sourceTree = "<group>";
		};
		10C129CF22D12D07000D781E /* MessageStatus */ = {
			isa = PBXGroup;
			children = (
				10C129CB22D12C32000D781E /* MessageStatusCollectionViewCell.swift */,
				10C129CC22D12C32000D781E /* MessageStatusCollectionViewCell.xib */,
			);
			path = MessageStatus;
			sourceTree = "<group>";
		};
		10C129DC22D1C03C000D781E /* PhotoMessage */ = {
			isa = PBXGroup;
			children = (
				10C129DD22D1C05E000D781E /* PhotoCollectionViewCell.swift */,
				10C129DE22D1C05E000D781E /* PhotoCollectionViewCell.xib */,
				10C129DA22D1BFD7000D781E /* IncomingPhotoCollectionViewCell.xib */,
			);
			path = PhotoMessage;
			sourceTree = "<group>";
		};
		10C129E722D1DA82000D781E /* PhotoViewer */ = {
			isa = PBXGroup;
			children = (
				10C129E522D1DA73000D781E /* PhotoViewerController.swift */,
				10C129E822D1E51E000D781E /* PhotoViewerViewModel.swift */,
			);
			path = PhotoViewer;
			sourceTree = "<group>";
		};
		10C129EA22D1E5DD000D781E /* Storyboards */ = {
			isa = PBXGroup;
			children = (
				10E288D522CF749A0094D434 /* LaunchScreen.storyboard */,
				10E288CD22CF74980094D434 /* Main.storyboard */,
				10C129EB22D1E5FE000D781E /* Storyboards.swift */,
			);
			path = Storyboards;
			sourceTree = "<group>";
		};
		10C129F122D21597000D781E /* ChatHeaderView */ = {
			isa = PBXGroup;
			children = (
				10C129ED22D21385000D781E /* HeaderView.swift */,
				10C129EF22D21395000D781E /* HeaderView.xib */,
			);
			path = ChatHeaderView;
			sourceTree = "<group>";
		};
		10C129FA22D229E4000D781E /* CallCollectionViewCell */ = {
			isa = PBXGroup;
			children = (
				10C129F622D226B1000D781E /* CallCollectionViewCell.swift */,
				10C129F722D226B1000D781E /* CallCollectionViewCell.xib */,
			);
			path = CallCollectionViewCell;
			sourceTree = "<group>";
		};
		10C2268322D252630068C294 /* ChatooRxTests */ = {
			isa = PBXGroup;
			children = (
				10C2268422D252630068C294 /* ChatItemsDecoratorTests.swift */,
				10C2268522D252630068C294 /* Info.plist */,
			);
			path = ChatooRxTests;
			sourceTree = "<group>";
		};
		10D3FF0922D1084F00616019 /* Views */ = {
			isa = PBXGroup;
			children = (
				10D3FF0722D106CB00616019 /* GradientView.swift */,
				10C129F122D21597000D781E /* ChatHeaderView */,
			);
			path = Views;
			sourceTree = "<group>";
		};
		10E288BD22CF74980094D434 = {
			isa = PBXGroup;
			children = (
				10E288C822CF74980094D434 /* ChatooRx */,
				10C2268322D252630068C294 /* ChatooRxTests */,
				10E288C722CF74980094D434 /* Products */,
				9E7C457F865A2AA73241F684 /* Pods */,
				49124433FB4F045397B1C17C /* Frameworks */,
				10B245A522D24D360051F398 /* .travis.yml */,
				10B245A622D24D370051F398 /* codecov.yml */,
				10B245A722D24D370051F398 /* README.md */,
			);
			sourceTree = "<group>";
		};
		10E288C722CF74980094D434 /* Products */ = {
			isa = PBXGroup;
			children = (
				10E288C622CF74980094D434 /* ChatooRx.app */,
				10C2267522D252230068C294 /* ChatooRxTests.xctest */,
			);
			name = Products;
			sourceTree = "<group>";
		};
		10E288C822CF74980094D434 /* ChatooRx */ = {
			isa = PBXGroup;
			children = (
				10E288C922CF74980094D434 /* AppDelegate.swift */,
				10E288F122D096470094D434 /* Coordinator.swift */,
				10E288F722D0A9C00094D434 /* DataModels */,
				10C129C122D129B4000D781E /* Presenters */,
				10E288E022CF9EB70094D434 /* Scenes */,
				10D3FF0922D1084F00616019 /* Views */,
				10E288EB22D069520094D434 /* Cells */,
				10C129C022D129A0000D781E /* Extensions */,
				10C129EA22D1E5DD000D781E /* Storyboards */,
				10E288E222CF9EDB0094D434 /* Resources */,
			);
			path = ChatooRx;
			sourceTree = "<group>";
		};
		10E288E022CF9EB70094D434 /* Scenes */ = {
			isa = PBXGroup;
			children = (
				10E288F322D097C30094D434 /* ChatView */,
				10C129E722D1DA82000D781E /* PhotoViewer */,
			);
			path = Scenes;
			sourceTree = "<group>";
		};
		10E288E222CF9EDB0094D434 /* Resources */ = {
			isa = PBXGroup;
			children = (
				10E288D322CF749A0094D434 /* Assets.xcassets */,
				10E288E722D058790094D434 /* Colors.xcassets */,
				10D3FF0522D0FAA400616019 /* Colors.swift */,
				10E288D822CF749A0094D434 /* Info.plist */,
				10E288E522D053820094D434 /* LocalizedStrings.strings */,
			);
			path = Resources;
			sourceTree = "<group>";
		};
		10E288EB22D069520094D434 /* Cells */ = {
			isa = PBXGroup;
			children = (
				10C129DC22D1C03C000D781E /* PhotoMessage */,
				10E288F022D069900094D434 /* TextMessage */,
				10C129BF22D11A08000D781E /* DateSeparator */,
				10C129CA22D12B78000D781E /* TimeSeparator */,
				10C129CF22D12D07000D781E /* MessageStatus */,
				10C129FA22D229E4000D781E /* CallCollectionViewCell */,
			);
			path = Cells;
			sourceTree = "<group>";
		};
		10E288F022D069900094D434 /* TextMessage */ = {
			isa = PBXGroup;
			children = (
				10E288EC22D069830094D434 /* IncomingTextMessageCollectionViewCell.swift */,
				10E288ED22D069830094D434 /* IncomingTextMessageCollectionViewCell.xib */,
				10D3FF0122D0F9E900616019 /* TextMessageCollectionViewCell.xib */,
			);
			path = TextMessage;
			sourceTree = "<group>";
		};
		10E288F322D097C30094D434 /* ChatView */ = {
			isa = PBXGroup;
			children = (
				10D3FF0A22D10E4200616019 /* ChatItemsDecorator.swift */,
				10E288E322CFA0160094D434 /* ChatDataSource.swift */,
				10E288CB22CF74980094D434 /* ChatViewController.swift */,
				10E288FA22D0ABFC0094D434 /* ChatViewModel.swift */,
				10E288F422D098DD0094D434 /* ChatModel.swift */,
			);
			path = ChatView;
			sourceTree = "<group>";
		};
		10E288F722D0A9C00094D434 /* DataModels */ = {
			isa = PBXGroup;
			children = (
				10E288F822D0A9DC0094D434 /* Message.swift */,
				10C129F422D21FD9000D781E /* Call.swift */,
				10C129C222D129F6000D781E /* DateSeparatorModel.swift */,
				10C129C422D12A2E000D781E /* TimeSeparatorModel.swift */,
				10C129D422D1B113000D781E /* MessageStatusSeparatorModel.swift */,
				10C129F222D21B2C000D781E /* User.swift */,
			);
			path = DataModels;
			sourceTree = "<group>";
		};
		49124433FB4F045397B1C17C /* Frameworks */ = {
			isa = PBXGroup;
			children = (
				932CE5C5EB7DD90750CD9051 /* Pods_ChatooRx.framework */,
				1C253E31F65D53087B8CD5B4 /* Pods_ChatooRxTests.framework */,
			);
			name = Frameworks;
			sourceTree = "<group>";
		};
		9E7C457F865A2AA73241F684 /* Pods */ = {
			isa = PBXGroup;
			children = (
				35C6FF788BA11307A8A29899 /* Pods-ChatooRx.debug.xcconfig */,
				878FC027D549BC2043DCD646 /* Pods-ChatooRx.release.xcconfig */,
				4A4406C21873AC6D19D79D17 /* Pods-ChatooRxTests.debug.xcconfig */,
				2D609418FCB84B34DD92228E /* Pods-ChatooRxTests.release.xcconfig */,
			);
			path = Pods;
			sourceTree = "<group>";
		};
/* End PBXGroup section */

/* Begin PBXNativeTarget section */
		10C2267422D252230068C294 /* ChatooRxTests */ = {
			isa = PBXNativeTarget;
			buildConfigurationList = 10C2267C22D252230068C294 /* Build configuration list for PBXNativeTarget "ChatooRxTests" */;
			buildPhases = (
				842D2A060BD0B73CD83BB29B /* [CP] Check Pods Manifest.lock */,
				10C2267122D252230068C294 /* Sources */,
				10C2267222D252230068C294 /* Frameworks */,
				10C2267322D252230068C294 /* Resources */,
				950C106BE03E431A8D987FA5 /* [CP] Embed Pods Frameworks */,
			);
			buildRules = (
			);
			dependencies = (
				10C2267B22D252230068C294 /* PBXTargetDependency */,
			);
			name = ChatooRxTests;
			productName = ChatooRxTests;
			productReference = 10C2267522D252230068C294 /* ChatooRxTests.xctest */;
			productType = "com.apple.product-type.bundle.unit-test";
		};
		10E288C522CF74980094D434 /* ChatooRx */ = {
			isa = PBXNativeTarget;
			buildConfigurationList = 10E288DB22CF749A0094D434 /* Build configuration list for PBXNativeTarget "ChatooRx" */;
			buildPhases = (
				429981BA433E80C0150F47E4 /* [CP] Check Pods Manifest.lock */,
				10E288C222CF74980094D434 /* Sources */,
				10E288C322CF74980094D434 /* Frameworks */,
				10E288C422CF74980094D434 /* Resources */,
				FB54767C812EFE52B5C1F793 /* [CP] Embed Pods Frameworks */,
			);
			buildRules = (
			);
			dependencies = (
			);
			name = ChatooRx;
			productName = WidrChatTest;
			productReference = 10E288C622CF74980094D434 /* ChatooRx.app */;
			productType = "com.apple.product-type.application";
		};
/* End PBXNativeTarget section */

/* Begin PBXProject section */
		10E288BE22CF74980094D434 /* Project object */ = {
			isa = PBXProject;
			attributes = {
				LastSwiftUpdateCheck = 1020;
				LastUpgradeCheck = 1020;
				ORGANIZATIONNAME = Smetankin;
				TargetAttributes = {
					10C2267422D252230068C294 = {
						CreatedOnToolsVersion = 10.2.1;
						TestTargetID = 10E288C522CF74980094D434;
					};
					10E288C522CF74980094D434 = {
						CreatedOnToolsVersion = 10.2.1;
					};
				};
			};
			buildConfigurationList = 10E288C122CF74980094D434 /* Build configuration list for PBXProject "ChatooRx" */;
			compatibilityVersion = "Xcode 9.3";
			developmentRegion = en;
			hasScannedForEncodings = 0;
			knownRegions = (
				en,
				Base,
			);
			mainGroup = 10E288BD22CF74980094D434;
			productRefGroup = 10E288C722CF74980094D434 /* Products */;
			projectDirPath = "";
			projectRoot = "";
			targets = (
				10E288C522CF74980094D434 /* ChatooRx */,
				10C2267422D252230068C294 /* ChatooRxTests */,
			);
		};
/* End PBXProject section */

/* Begin PBXResourcesBuildPhase section */
		10C2267322D252230068C294 /* Resources */ = {
			isa = PBXResourcesBuildPhase;
			buildActionMask = 2147483647;
			files = (
			);
			runOnlyForDeploymentPostprocessing = 0;
		};
		10E288C422CF74980094D434 /* Resources */ = {
			isa = PBXResourcesBuildPhase;
			buildActionMask = 2147483647;
			files = (
				10C129F022D21395000D781E /* HeaderView.xib in Resources */,
				10E288E822D058790094D434 /* Colors.xcassets in Resources */,
				10E288EF22D069830094D434 /* IncomingTextMessageCollectionViewCell.xib in Resources */,
				10C129BE22D118B0000D781E /* DateSeparatorCollectionViewCell.xib in Resources */,
				10C129F922D226B1000D781E /* CallCollectionViewCell.xib in Resources */,
				10C129C922D12B62000D781E /* TimeSeparatorCollectionViewCell.xib in Resources */,
				10D3FF0322D0F9E900616019 /* TextMessageCollectionViewCell.xib in Resources */,
				10E288E622D053820094D434 /* LocalizedStrings.strings in Resources */,
				10E288D722CF749A0094D434 /* LaunchScreen.storyboard in Resources */,
				10E288D422CF749A0094D434 /* Assets.xcassets in Resources */,
				10C129E022D1C05E000D781E /* PhotoCollectionViewCell.xib in Resources */,
				10C129DB22D1BFD7000D781E /* IncomingPhotoCollectionViewCell.xib in Resources */,
				10C129CE22D12C32000D781E /* MessageStatusCollectionViewCell.xib in Resources */,
				10E288CF22CF74980094D434 /* Main.storyboard in Resources */,
			);
			runOnlyForDeploymentPostprocessing = 0;
		};
/* End PBXResourcesBuildPhase section */

/* Begin PBXShellScriptBuildPhase section */
		429981BA433E80C0150F47E4 /* [CP] Check Pods Manifest.lock */ = {
			isa = PBXShellScriptBuildPhase;
			buildActionMask = 2147483647;
			files = (
			);
			inputFileListPaths = (
			);
			inputPaths = (
				"${PODS_PODFILE_DIR_PATH}/Podfile.lock",
				"${PODS_ROOT}/Manifest.lock",
			);
			name = "[CP] Check Pods Manifest.lock";
			outputFileListPaths = (
			);
			outputPaths = (
				"$(DERIVED_FILE_DIR)/Pods-ChatooRx-checkManifestLockResult.txt",
			);
			runOnlyForDeploymentPostprocessing = 0;
			shellPath = /bin/sh;
			shellScript = "diff \"${PODS_PODFILE_DIR_PATH}/Podfile.lock\" \"${PODS_ROOT}/Manifest.lock\" > /dev/null\nif [ $? != 0 ] ; then\n    # print error to STDERR\n    echo \"error: The sandbox is not in sync with the Podfile.lock. Run 'pod install' or update your CocoaPods installation.\" >&2\n    exit 1\nfi\n# This output is used by Xcode 'outputs' to avoid re-running this script phase.\necho \"SUCCESS\" > \"${SCRIPT_OUTPUT_FILE_0}\"\n";
			showEnvVarsInLog = 0;
		};
		842D2A060BD0B73CD83BB29B /* [CP] Check Pods Manifest.lock */ = {
			isa = PBXShellScriptBuildPhase;
			buildActionMask = 2147483647;
			files = (
			);
			inputFileListPaths = (
			);
			inputPaths = (
				"${PODS_PODFILE_DIR_PATH}/Podfile.lock",
				"${PODS_ROOT}/Manifest.lock",
			);
			name = "[CP] Check Pods Manifest.lock";
			outputFileListPaths = (
			);
			outputPaths = (
				"$(DERIVED_FILE_DIR)/Pods-ChatooRxTests-checkManifestLockResult.txt",
			);
			runOnlyForDeploymentPostprocessing = 0;
			shellPath = /bin/sh;
			shellScript = "diff \"${PODS_PODFILE_DIR_PATH}/Podfile.lock\" \"${PODS_ROOT}/Manifest.lock\" > /dev/null\nif [ $? != 0 ] ; then\n    # print error to STDERR\n    echo \"error: The sandbox is not in sync with the Podfile.lock. Run 'pod install' or update your CocoaPods installation.\" >&2\n    exit 1\nfi\n# This output is used by Xcode 'outputs' to avoid re-running this script phase.\necho \"SUCCESS\" > \"${SCRIPT_OUTPUT_FILE_0}\"\n";
			showEnvVarsInLog = 0;
		};
		950C106BE03E431A8D987FA5 /* [CP] Embed Pods Frameworks */ = {
			isa = PBXShellScriptBuildPhase;
			buildActionMask = 2147483647;
			files = (
			);
			inputFileListPaths = (
			);
			inputPaths = (
				"${PODS_ROOT}/Target Support Files/Pods-ChatooRxTests/Pods-ChatooRxTests-frameworks.sh",
				"${BUILT_PRODUCTS_DIR}/Chatto/Chatto.framework",
				"${BUILT_PRODUCTS_DIR}/ChattoAdditions/ChattoAdditions.framework",
				"${BUILT_PRODUCTS_DIR}/RxCocoa/RxCocoa.framework",
				"${BUILT_PRODUCTS_DIR}/RxRelay/RxRelay.framework",
				"${BUILT_PRODUCTS_DIR}/RxSwift/RxSwift.framework",
			);
			name = "[CP] Embed Pods Frameworks";
			outputFileListPaths = (
			);
			outputPaths = (
				"${TARGET_BUILD_DIR}/${FRAMEWORKS_FOLDER_PATH}/Chatto.framework",
				"${TARGET_BUILD_DIR}/${FRAMEWORKS_FOLDER_PATH}/ChattoAdditions.framework",
				"${TARGET_BUILD_DIR}/${FRAMEWORKS_FOLDER_PATH}/RxCocoa.framework",
				"${TARGET_BUILD_DIR}/${FRAMEWORKS_FOLDER_PATH}/RxRelay.framework",
				"${TARGET_BUILD_DIR}/${FRAMEWORKS_FOLDER_PATH}/RxSwift.framework",
			);
			runOnlyForDeploymentPostprocessing = 0;
			shellPath = /bin/sh;
			shellScript = "\"${PODS_ROOT}/Target Support Files/Pods-ChatooRxTests/Pods-ChatooRxTests-frameworks.sh\"\n";
			showEnvVarsInLog = 0;
		};
		FB54767C812EFE52B5C1F793 /* [CP] Embed Pods Frameworks */ = {
			isa = PBXShellScriptBuildPhase;
			buildActionMask = 2147483647;
			files = (
			);
			inputFileListPaths = (
			);
			inputPaths = (
				"${PODS_ROOT}/Target Support Files/Pods-ChatooRx/Pods-ChatooRx-frameworks.sh",
				"${BUILT_PRODUCTS_DIR}/Chatto/Chatto.framework",
				"${BUILT_PRODUCTS_DIR}/ChattoAdditions/ChattoAdditions.framework",
				"${BUILT_PRODUCTS_DIR}/RxCocoa/RxCocoa.framework",
				"${BUILT_PRODUCTS_DIR}/RxRelay/RxRelay.framework",
				"${BUILT_PRODUCTS_DIR}/RxSwift/RxSwift.framework",
			);
			name = "[CP] Embed Pods Frameworks";
			outputFileListPaths = (
			);
			outputPaths = (
				"${TARGET_BUILD_DIR}/${FRAMEWORKS_FOLDER_PATH}/Chatto.framework",
				"${TARGET_BUILD_DIR}/${FRAMEWORKS_FOLDER_PATH}/ChattoAdditions.framework",
				"${TARGET_BUILD_DIR}/${FRAMEWORKS_FOLDER_PATH}/RxCocoa.framework",
				"${TARGET_BUILD_DIR}/${FRAMEWORKS_FOLDER_PATH}/RxRelay.framework",
				"${TARGET_BUILD_DIR}/${FRAMEWORKS_FOLDER_PATH}/RxSwift.framework",
			);
			runOnlyForDeploymentPostprocessing = 0;
			shellPath = /bin/sh;
			shellScript = "\"${PODS_ROOT}/Target Support Files/Pods-ChatooRx/Pods-ChatooRx-frameworks.sh\"\n";
			showEnvVarsInLog = 0;
		};
/* End PBXShellScriptBuildPhase section */

/* Begin PBXSourcesBuildPhase section */
		10C2267122D252230068C294 /* Sources */ = {
			isa = PBXSourcesBuildPhase;
			buildActionMask = 2147483647;
			files = (
				10C2268622D252630068C294 /* ChatItemsDecoratorTests.swift in Sources */,
			);
			runOnlyForDeploymentPostprocessing = 0;
		};
		10E288C222CF74980094D434 /* Sources */ = {
			isa = PBXSourcesBuildPhase;
			buildActionMask = 2147483647;
			files = (
				10E288F522D098DD0094D434 /* ChatModel.swift in Sources */,
				10D3FF0622D0FAA400616019 /* Colors.swift in Sources */,
				10C129FC22D22D74000D781E /* CallPresenter.swift in Sources */,
				10D3FF0822D106CB00616019 /* GradientView.swift in Sources */,
				10C129C322D129F6000D781E /* DateSeparatorModel.swift in Sources */,
				10E288CC22CF74980094D434 /* ChatViewController.swift in Sources */,
				10C129F322D21B2C000D781E /* User.swift in Sources */,
				10C129C822D12B62000D781E /* TimeSeparatorCollectionViewCell.swift in Sources */,
				10C129F522D21FD9000D781E /* Call.swift in Sources */,
				10E288EA22D05EE10094D434 /* TextMessagePresenter.swift in Sources */,
				10C129D522D1B113000D781E /* MessageStatusSeparatorModel.swift in Sources */,
				10E288F222D096470094D434 /* Coordinator.swift in Sources */,
				10C129DF22D1C05E000D781E /* PhotoCollectionViewCell.swift in Sources */,
				10C129C522D12A2E000D781E /* TimeSeparatorModel.swift in Sources */,
				10E288E422CFA0160094D434 /* ChatDataSource.swift in Sources */,
				10C129D322D1B038000D781E /* MessageStatusPresenter.swift in Sources */,
				10E288F922D0A9DC0094D434 /* Message.swift in Sources */,
				10D3FF0D22D10F6400616019 /* DateExtensions.swift in Sources */,
				10C129E922D1E51E000D781E /* PhotoViewerViewModel.swift in Sources */,
				10C129EC22D1E5FE000D781E /* Storyboards.swift in Sources */,
				10D3FF0B22D10E4200616019 /* ChatItemsDecorator.swift in Sources */,
				10E288CA22CF74980094D434 /* AppDelegate.swift in Sources */,
				10C129BA22D11660000D781E /* DateSeparatorPresenter.swift in Sources */,
				10C129BD22D118B0000D781E /* DateSeparatorCollectionViewCell.swift in Sources */,
				10E288FB22D0ABFC0094D434 /* ChatViewModel.swift in Sources */,
				10C129E622D1DA73000D781E /* PhotoViewerController.swift in Sources */,
				10C129CD22D12C32000D781E /* MessageStatusCollectionViewCell.swift in Sources */,
				10C129F822D226B1000D781E /* CallCollectionViewCell.swift in Sources */,
				10C129E222D1C0A2000D781E /* PhotoMessagePresenter.swift in Sources */,
				10E288EE22D069830094D434 /* IncomingTextMessageCollectionViewCell.swift in Sources */,
				10C129D122D1AF31000D781E /* TimeSeparatorPresenter.swift in Sources */,
				10C129EE22D21385000D781E /* HeaderView.swift in Sources */,
			);
			runOnlyForDeploymentPostprocessing = 0;
		};
/* End PBXSourcesBuildPhase section */

/* Begin PBXTargetDependency section */
		10C2267B22D252230068C294 /* PBXTargetDependency */ = {
			isa = PBXTargetDependency;
			target = 10E288C522CF74980094D434 /* ChatooRx */;
			targetProxy = 10C2267A22D252230068C294 /* PBXContainerItemProxy */;
		};
/* End PBXTargetDependency section */

/* Begin PBXVariantGroup section */
		10E288CD22CF74980094D434 /* Main.storyboard */ = {
			isa = PBXVariantGroup;
			children = (
				10E288CE22CF74980094D434 /* Base */,
			);
			name = Main.storyboard;
			sourceTree = "<group>";
		};
		10E288D522CF749A0094D434 /* LaunchScreen.storyboard */ = {
			isa = PBXVariantGroup;
			children = (
				10E288D622CF749A0094D434 /* Base */,
			);
			name = LaunchScreen.storyboard;
			sourceTree = "<group>";
		};
/* End PBXVariantGroup section */

/* Begin XCBuildConfiguration section */
		10C2267D22D252230068C294 /* Debug */ = {
			isa = XCBuildConfiguration;
			baseConfigurationReference = 4A4406C21873AC6D19D79D17 /* Pods-ChatooRxTests.debug.xcconfig */;
			buildSettings = {
				BUNDLE_LOADER = "$(TEST_HOST)";
				CODE_SIGN_STYLE = Automatic;
				DEVELOPMENT_TEAM = 35RWD3B7ZL;
				INFOPLIST_FILE = ChatooRxTests/Info.plist;
				LD_RUNPATH_SEARCH_PATHS = (
					"$(inherited)",
					"@executable_path/Frameworks",
					"@loader_path/Frameworks",
				);
				PRODUCT_BUNDLE_IDENTIFIER = com.smd.test.ChatooRxTests;
				PRODUCT_NAME = "$(TARGET_NAME)";
				SWIFT_VERSION = 5.0;
				TARGETED_DEVICE_FAMILY = "1,2";
				TEST_HOST = "$(BUILT_PRODUCTS_DIR)/ChatooRx.app/ChatooRx";
			};
			name = Debug;
		};
		10C2267E22D252230068C294 /* Release */ = {
			isa = XCBuildConfiguration;
			baseConfigurationReference = 2D609418FCB84B34DD92228E /* Pods-ChatooRxTests.release.xcconfig */;
			buildSettings = {
				BUNDLE_LOADER = "$(TEST_HOST)";
				CODE_SIGN_STYLE = Automatic;
				DEVELOPMENT_TEAM = 35RWD3B7ZL;
				INFOPLIST_FILE = ChatooRxTests/Info.plist;
				LD_RUNPATH_SEARCH_PATHS = (
					"$(inherited)",
					"@executable_path/Frameworks",
					"@loader_path/Frameworks",
				);
				PRODUCT_BUNDLE_IDENTIFIER = com.smd.test.ChatooRxTests;
				PRODUCT_NAME = "$(TARGET_NAME)";
				SWIFT_VERSION = 5.0;
				TARGETED_DEVICE_FAMILY = "1,2";
				TEST_HOST = "$(BUILT_PRODUCTS_DIR)/ChatooRx.app/ChatooRx";
			};
			name = Release;
		};
		10E288D922CF749A0094D434 /* Debug */ = {
			isa = XCBuildConfiguration;
			buildSettings = {
				ALWAYS_SEARCH_USER_PATHS = NO;
				CLANG_ANALYZER_NONNULL = YES;
				CLANG_ANALYZER_NUMBER_OBJECT_CONVERSION = YES_AGGRESSIVE;
				CLANG_CXX_LANGUAGE_STANDARD = "gnu++14";
				CLANG_CXX_LIBRARY = "libc++";
				CLANG_ENABLE_MODULES = YES;
				CLANG_ENABLE_OBJC_ARC = YES;
				CLANG_ENABLE_OBJC_WEAK = YES;
				CLANG_WARN_BLOCK_CAPTURE_AUTORELEASING = YES;
				CLANG_WARN_BOOL_CONVERSION = YES;
				CLANG_WARN_COMMA = YES;
				CLANG_WARN_CONSTANT_CONVERSION = YES;
				CLANG_WARN_DEPRECATED_OBJC_IMPLEMENTATIONS = YES;
				CLANG_WARN_DIRECT_OBJC_ISA_USAGE = YES_ERROR;
				CLANG_WARN_DOCUMENTATION_COMMENTS = YES;
				CLANG_WARN_EMPTY_BODY = YES;
				CLANG_WARN_ENUM_CONVERSION = YES;
				CLANG_WARN_INFINITE_RECURSION = YES;
				CLANG_WARN_INT_CONVERSION = YES;
				CLANG_WARN_NON_LITERAL_NULL_CONVERSION = YES;
				CLANG_WARN_OBJC_IMPLICIT_RETAIN_SELF = YES;
				CLANG_WARN_OBJC_LITERAL_CONVERSION = YES;
				CLANG_WARN_OBJC_ROOT_CLASS = YES_ERROR;
				CLANG_WARN_RANGE_LOOP_ANALYSIS = YES;
				CLANG_WARN_STRICT_PROTOTYPES = YES;
				CLANG_WARN_SUSPICIOUS_MOVE = YES;
				CLANG_WARN_UNGUARDED_AVAILABILITY = YES_AGGRESSIVE;
				CLANG_WARN_UNREACHABLE_CODE = YES;
				CLANG_WARN__DUPLICATE_METHOD_MATCH = YES;
				CODE_SIGN_IDENTITY = "iPhone Developer";
				COPY_PHASE_STRIP = NO;
				DEBUG_INFORMATION_FORMAT = dwarf;
				ENABLE_STRICT_OBJC_MSGSEND = YES;
				ENABLE_TESTABILITY = YES;
				GCC_C_LANGUAGE_STANDARD = gnu11;
				GCC_DYNAMIC_NO_PIC = NO;
				GCC_NO_COMMON_BLOCKS = YES;
				GCC_OPTIMIZATION_LEVEL = 0;
				GCC_PREPROCESSOR_DEFINITIONS = (
					"DEBUG=1",
					"$(inherited)",
				);
				GCC_WARN_64_TO_32_BIT_CONVERSION = YES;
				GCC_WARN_ABOUT_RETURN_TYPE = YES_ERROR;
				GCC_WARN_UNDECLARED_SELECTOR = YES;
				GCC_WARN_UNINITIALIZED_AUTOS = YES_AGGRESSIVE;
				GCC_WARN_UNUSED_FUNCTION = YES;
				GCC_WARN_UNUSED_VARIABLE = YES;
				IPHONEOS_DEPLOYMENT_TARGET = 12.2;
				MTL_ENABLE_DEBUG_INFO = INCLUDE_SOURCE;
				MTL_FAST_MATH = YES;
				ONLY_ACTIVE_ARCH = YES;
				SDKROOT = iphoneos;
				SWIFT_ACTIVE_COMPILATION_CONDITIONS = DEBUG;
				SWIFT_OPTIMIZATION_LEVEL = "-Onone";
			};
			name = Debug;
		};
		10E288DA22CF749A0094D434 /* Release */ = {
			isa = XCBuildConfiguration;
			buildSettings = {
				ALWAYS_SEARCH_USER_PATHS = NO;
				CLANG_ANALYZER_NONNULL = YES;
				CLANG_ANALYZER_NUMBER_OBJECT_CONVERSION = YES_AGGRESSIVE;
				CLANG_CXX_LANGUAGE_STANDARD = "gnu++14";
				CLANG_CXX_LIBRARY = "libc++";
				CLANG_ENABLE_MODULES = YES;
				CLANG_ENABLE_OBJC_ARC = YES;
				CLANG_ENABLE_OBJC_WEAK = YES;
				CLANG_WARN_BLOCK_CAPTURE_AUTORELEASING = YES;
				CLANG_WARN_BOOL_CONVERSION = YES;
				CLANG_WARN_COMMA = YES;
				CLANG_WARN_CONSTANT_CONVERSION = YES;
				CLANG_WARN_DEPRECATED_OBJC_IMPLEMENTATIONS = YES;
				CLANG_WARN_DIRECT_OBJC_ISA_USAGE = YES_ERROR;
				CLANG_WARN_DOCUMENTATION_COMMENTS = YES;
				CLANG_WARN_EMPTY_BODY = YES;
				CLANG_WARN_ENUM_CONVERSION = YES;
				CLANG_WARN_INFINITE_RECURSION = YES;
				CLANG_WARN_INT_CONVERSION = YES;
				CLANG_WARN_NON_LITERAL_NULL_CONVERSION = YES;
				CLANG_WARN_OBJC_IMPLICIT_RETAIN_SELF = YES;
				CLANG_WARN_OBJC_LITERAL_CONVERSION = YES;
				CLANG_WARN_OBJC_ROOT_CLASS = YES_ERROR;
				CLANG_WARN_RANGE_LOOP_ANALYSIS = YES;
				CLANG_WARN_STRICT_PROTOTYPES = YES;
				CLANG_WARN_SUSPICIOUS_MOVE = YES;
				CLANG_WARN_UNGUARDED_AVAILABILITY = YES_AGGRESSIVE;
				CLANG_WARN_UNREACHABLE_CODE = YES;
				CLANG_WARN__DUPLICATE_METHOD_MATCH = YES;
				CODE_SIGN_IDENTITY = "iPhone Developer";
				COPY_PHASE_STRIP = NO;
				DEBUG_INFORMATION_FORMAT = "dwarf-with-dsym";
				ENABLE_NS_ASSERTIONS = NO;
				ENABLE_STRICT_OBJC_MSGSEND = YES;
				GCC_C_LANGUAGE_STANDARD = gnu11;
				GCC_NO_COMMON_BLOCKS = YES;
				GCC_WARN_64_TO_32_BIT_CONVERSION = YES;
				GCC_WARN_ABOUT_RETURN_TYPE = YES_ERROR;
				GCC_WARN_UNDECLARED_SELECTOR = YES;
				GCC_WARN_UNINITIALIZED_AUTOS = YES_AGGRESSIVE;
				GCC_WARN_UNUSED_FUNCTION = YES;
				GCC_WARN_UNUSED_VARIABLE = YES;
				IPHONEOS_DEPLOYMENT_TARGET = 12.2;
				MTL_ENABLE_DEBUG_INFO = NO;
				MTL_FAST_MATH = YES;
				SDKROOT = iphoneos;
				SWIFT_COMPILATION_MODE = wholemodule;
				SWIFT_OPTIMIZATION_LEVEL = "-O";
				VALIDATE_PRODUCT = YES;
			};
			name = Release;
		};
		10E288DC22CF749A0094D434 /* Debug */ = {
			isa = XCBuildConfiguration;
			baseConfigurationReference = 35C6FF788BA11307A8A29899 /* Pods-ChatooRx.debug.xcconfig */;
			buildSettings = {
				ASSETCATALOG_COMPILER_APPICON_NAME = AppIcon;
				CODE_SIGN_STYLE = Automatic;
				DEVELOPMENT_TEAM = 35RWD3B7ZL;
				INFOPLIST_FILE = "$(SRCROOT)/ChatooRx/Resources/Info.plist";
				IPHONEOS_DEPLOYMENT_TARGET = 11.0;
				LD_RUNPATH_SEARCH_PATHS = (
					"$(inherited)",
					"@executable_path/Frameworks",
				);
				PRODUCT_BUNDLE_IDENTIFIER = com.smd.test.WidrChatTest;
				PRODUCT_NAME = "$(TARGET_NAME)";
				SWIFT_VERSION = 5.0;
				TARGETED_DEVICE_FAMILY = "1,2";
			};
			name = Debug;
		};
		10E288DD22CF749A0094D434 /* Release */ = {
			isa = XCBuildConfiguration;
			baseConfigurationReference = 878FC027D549BC2043DCD646 /* Pods-ChatooRx.release.xcconfig */;
			buildSettings = {
				ASSETCATALOG_COMPILER_APPICON_NAME = AppIcon;
				CODE_SIGN_STYLE = Automatic;
				DEVELOPMENT_TEAM = 35RWD3B7ZL;
				INFOPLIST_FILE = "$(SRCROOT)/ChatooRx/Resources/Info.plist";
				IPHONEOS_DEPLOYMENT_TARGET = 11.0;
				LD_RUNPATH_SEARCH_PATHS = (
					"$(inherited)",
					"@executable_path/Frameworks",
				);
				PRODUCT_BUNDLE_IDENTIFIER = com.smd.test.WidrChatTest;
				PRODUCT_NAME = "$(TARGET_NAME)";
				SWIFT_VERSION = 5.0;
				TARGETED_DEVICE_FAMILY = "1,2";
			};
			name = Release;
		};
/* End XCBuildConfiguration section */

/* Begin XCConfigurationList section */
		10C2267C22D252230068C294 /* Build configuration list for PBXNativeTarget "ChatooRxTests" */ = {
			isa = XCConfigurationList;
			buildConfigurations = (
				10C2267D22D252230068C294 /* Debug */,
				10C2267E22D252230068C294 /* Release */,
			);
			defaultConfigurationIsVisible = 0;
			defaultConfigurationName = Release;
		};
		10E288C122CF74980094D434 /* Build configuration list for PBXProject "ChatooRx" */ = {
			isa = XCConfigurationList;
			buildConfigurations = (
				10E288D922CF749A0094D434 /* Debug */,
				10E288DA22CF749A0094D434 /* Release */,
			);
			defaultConfigurationIsVisible = 0;
			defaultConfigurationName = Release;
		};
		10E288DB22CF749A0094D434 /* Build configuration list for PBXNativeTarget "ChatooRx" */ = {
			isa = XCConfigurationList;
			buildConfigurations = (
				10E288DC22CF749A0094D434 /* Debug */,
				10E288DD22CF749A0094D434 /* Release */,
			);
			defaultConfigurationIsVisible = 0;
			defaultConfigurationName = Release;
		};
/* End XCConfigurationList section */
	};
	rootObject = 10E288BE22CF74980094D434 /* Project object */;
}
